
Microsoft Visual Studio Solution File, Format Version 12.00
# Visual Studio 15
VisualStudioVersion = 15.0.27130.2036
MinimumVisualStudioVersion = 10.0.40219.1
Project("{FAE04EC0-301F-11D3-BF4B-00C04F79EFBC}") = "Generate", "Generate\Generate.csproj", "{062E8CA7-C668-4CF9-8074-9F02F95EBDFB}"
EndProject
Global
	GlobalSection(SolutionConfigurationPlatforms) = preSolution
		Debug|Any CPU = Debug|Any CPU
		Release|Any CPU = Release|Any CPU
	EndGlobalSection
	GlobalSection(ProjectConfigurationPlatforms) = postSolution
		{062E8CA7-C668-4CF9-8074-9F02F95EBDFB}.Debug|Any CPU.ActiveCfg = Debug|Any CPU
		{062E8CA7-C668-4CF9-8074-9F02F95EBDFB}.Debug|Any CPU.Build.0 = Debug|Any CPU
		{062E8CA7-C668-4CF9-8074-9F02F95EBDFB}.Release|Any CPU.ActiveCfg = Release|Any CPU
		{062E8CA7-C668-4CF9-8074-9F02F95EBDFB}.Release|Any CPU.Build.0 = Release|Any CPU
	EndGlobalSection
	GlobalSection(SolutionProperties) = preSolution
		HideSolutionNode = FALSE
	EndGlobalSection
	GlobalSection(ExtensibilityGlobals) = postSolution
		SolutionGuid = {8634145D-CDB3-47DB-BFE9-FA5030DBDA0C}
	EndGlobalSection
EndGlobal
